// !$*UTF8*$!
{
	archiveVersion = 1;
	classes = {
	};
	objectVersion = 46;
	objects = {

/* Begin PBXBuildFile section */
		08036FF21C84AAC400821C0A /* PhotoViewController.m in Sources */ = {isa = PBXBuildFile; fileRef = 08036FF11C84AAC400821C0A /* PhotoViewController.m */; };
		08036FF51C84AC4100821C0A /* PhotoCollectionViewCell.m in Sources */ = {isa = PBXBuildFile; fileRef = 08036FF41C84AC4100821C0A /* PhotoCollectionViewCell.m */; };
		080B84311D145E9F00704DFB /* SlideShowViewController.m in Sources */ = {isa = PBXBuildFile; fileRef = 080B84301D145E9F00704DFB /* SlideShowViewController.m */; };
		080F11961CFC83F600688F49 /* GuestListTableViewCell.m in Sources */ = {isa = PBXBuildFile; fileRef = 080F11951CFC83F600688F49 /* GuestListTableViewCell.m */; };
		081AA0401C8C099500B6808D /* FullScreenPhotoViewController.m in Sources */ = {isa = PBXBuildFile; fileRef = 081AA03F1C8C099500B6808D /* FullScreenPhotoViewController.m */; };
		081AA0431C8C0D0600B6808D /* HeaderCollectionReusableView.m in Sources */ = {isa = PBXBuildFile; fileRef = 081AA0421C8C0D0600B6808D /* HeaderCollectionReusableView.m */; };
		081AA0461C8C29B500B6808D /* GalleryViewController.m in Sources */ = {isa = PBXBuildFile; fileRef = 081AA0451C8C29B500B6808D /* GalleryViewController.m */; };
		082099231D03450E0045B928 /* FormReviewTableViewController.m in Sources */ = {isa = PBXBuildFile; fileRef = 082099221D03450E0045B928 /* FormReviewTableViewController.m */; };
		083561E81C95B0AC00EDB783 /* CityAndRegion.plist in Resources */ = {isa = PBXBuildFile; fileRef = 083561E71C95B0AC00EDB783 /* CityAndRegion.plist */; };
		084DC1EF1CF74CBF00DCA384 /* WeddingListTableViewController.m in Sources */ = {isa = PBXBuildFile; fileRef = 084DC1EE1CF74CBF00DCA384 /* WeddingListTableViewController.m */; };
		084FC99A1CF96E5B00C57AA5 /* MainTabBarController.m in Sources */ = {isa = PBXBuildFile; fileRef = 084FC9991CF96E5B00C57AA5 /* MainTabBarController.m */; };
		087155141C8DC50C00A7DF84 /* page1.png in Resources */ = {isa = PBXBuildFile; fileRef = 087155101C8DC50C00A7DF84 /* page1.png */; };
		087155151C8DC50C00A7DF84 /* page2.png in Resources */ = {isa = PBXBuildFile; fileRef = 087155111C8DC50C00A7DF84 /* page2.png */; };
		087155161C8DC50C00A7DF84 /* page3.png in Resources */ = {isa = PBXBuildFile; fileRef = 087155121C8DC50C00A7DF84 /* page3.png */; };
		087155171C8DC50C00A7DF84 /* page4.png in Resources */ = {isa = PBXBuildFile; fileRef = 087155131C8DC50C00A7DF84 /* page4.png */; };
		0872D6181CF011900099E7E5 /* LoginOrCreateAWeddingViewController.m in Sources */ = {isa = PBXBuildFile; fileRef = 0872D6171CF011900099E7E5 /* LoginOrCreateAWeddingViewController.m */; };
		088D74FB1CF06AAF0046F038 /* CreateWeddingTableViewController.m in Sources */ = {isa = PBXBuildFile; fileRef = 088D74FA1CF06AAF0046F038 /* CreateWeddingTableViewController.m */; };
		089273851CF8BBE100121CCA /* WeddingListTableViewCell.m in Sources */ = {isa = PBXBuildFile; fileRef = 089273841CF8BBE100121CCA /* WeddingListTableViewCell.m */; };
		08A799501CF08FDD0045B3DC /* AttendWeddingTableViewController.m in Sources */ = {isa = PBXBuildFile; fileRef = 08A7994F1CF08FDD0045B3DC /* AttendWeddingTableViewController.m */; };
		08A799531CF0959A0045B3DC /* SettingTableViewController.m in Sources */ = {isa = PBXBuildFile; fileRef = 08A799521CF0959A0045B3DC /* SettingTableViewController.m */; };
		08AB05FC1CFAF32D00C1050A /* GuestListTableViewController.m in Sources */ = {isa = PBXBuildFile; fileRef = 08AB05FB1CFAF32D00C1050A /* GuestListTableViewController.m */; };
		08C0F8FE1C831F7700EE1FFF /* main.m in Sources */ = {isa = PBXBuildFile; fileRef = 08C0F8FD1C831F7700EE1FFF /* main.m */; };
		08C0F9011C831F7800EE1FFF /* AppDelegate.m in Sources */ = {isa = PBXBuildFile; fileRef = 08C0F9001C831F7800EE1FFF /* AppDelegate.m */; };
		08C0F90A1C831F7800EE1FFF /* Main.storyboard in Resources */ = {isa = PBXBuildFile; fileRef = 08C0F9081C831F7800EE1FFF /* Main.storyboard */; };
		08C0F90C1C831F7800EE1FFF /* Assets.xcassets in Resources */ = {isa = PBXBuildFile; fileRef = 08C0F90B1C831F7800EE1FFF /* Assets.xcassets */; };
		08C0F90F1C831F7800EE1FFF /* LaunchScreen.storyboard in Resources */ = {isa = PBXBuildFile; fileRef = 08C0F90D1C831F7800EE1FFF /* LaunchScreen.storyboard */; };
		08C0F91A1C831F7800EE1FFF /* WeddingRecorderTests.m in Sources */ = {isa = PBXBuildFile; fileRef = 08C0F9191C831F7800EE1FFF /* WeddingRecorderTests.m */; };
		08C0F9251C831F7800EE1FFF /* WeddingRecorderUITests.m in Sources */ = {isa = PBXBuildFile; fileRef = 08C0F9241C831F7800EE1FFF /* WeddingRecorderUITests.m */; };
		08C0F93A1C833D4C00EE1FFF /* Bolts.framework in Frameworks */ = {isa = PBXBuildFile; fileRef = 08C0F9341C833D4C00EE1FFF /* Bolts.framework */; };
		08C0F93B1C833D4C00EE1FFF /* Parse.framework in Frameworks */ = {isa = PBXBuildFile; fileRef = 08C0F9351C833D4C00EE1FFF /* Parse.framework */; };
		08C0F93C1C833D4C00EE1FFF /* ParseFacebookUtils.framework in Frameworks */ = {isa = PBXBuildFile; fileRef = 08C0F9361C833D4C00EE1FFF /* ParseFacebookUtils.framework */; };
		08C0F93D1C833D4C00EE1FFF /* ParseFacebookUtilsV4.framework in Frameworks */ = {isa = PBXBuildFile; fileRef = 08C0F9371C833D4C00EE1FFF /* ParseFacebookUtilsV4.framework */; };
		08C0F93E1C833D4C00EE1FFF /* ParseTwitterUtils.framework in Frameworks */ = {isa = PBXBuildFile; fileRef = 08C0F9381C833D4C00EE1FFF /* ParseTwitterUtils.framework */; };
		08C0F93F1C833D4C00EE1FFF /* ParseUI.framework in Frameworks */ = {isa = PBXBuildFile; fileRef = 08C0F9391C833D4C00EE1FFF /* ParseUI.framework */; };
		08C0F9421C833E0E00EE1FFF /* AttendantTableViewController.m in Sources */ = {isa = PBXBuildFile; fileRef = 08C0F9411C833E0E00EE1FFF /* AttendantTableViewController.m */; };
		08C0F9441C83415700EE1FFF /* AudioToolbox.framework in Frameworks */ = {isa = PBXBuildFile; fileRef = 08C0F9431C83415700EE1FFF /* AudioToolbox.framework */; };
		08C0F9461C83415E00EE1FFF /* CFNetwork.framework in Frameworks */ = {isa = PBXBuildFile; fileRef = 08C0F9451C83415E00EE1FFF /* CFNetwork.framework */; };
		08C0F9481C83416900EE1FFF /* CoreGraphics.framework in Frameworks */ = {isa = PBXBuildFile; fileRef = 08C0F9471C83416900EE1FFF /* CoreGraphics.framework */; };
		08C0F94A1C83417200EE1FFF /* CoreLocation.framework in Frameworks */ = {isa = PBXBuildFile; fileRef = 08C0F9491C83417200EE1FFF /* CoreLocation.framework */; };
		08C0F94C1C83417F00EE1FFF /* QuartzCore.framework in Frameworks */ = {isa = PBXBuildFile; fileRef = 08C0F94B1C83417F00EE1FFF /* QuartzCore.framework */; };
		08C0F94E1C83418900EE1FFF /* Security.framework in Frameworks */ = {isa = PBXBuildFile; fileRef = 08C0F94D1C83418900EE1FFF /* Security.framework */; };
		08C0F9501C83418F00EE1FFF /* StoreKit.framework in Frameworks */ = {isa = PBXBuildFile; fileRef = 08C0F94F1C83418F00EE1FFF /* StoreKit.framework */; };
		08C0F9521C83419800EE1FFF /* SystemConfiguration.framework in Frameworks */ = {isa = PBXBuildFile; fileRef = 08C0F9511C83419800EE1FFF /* SystemConfiguration.framework */; };
		08C0F9541C8341A500EE1FFF /* libz.tbd in Frameworks */ = {isa = PBXBuildFile; fileRef = 08C0F9531C8341A500EE1FFF /* libz.tbd */; };
		08C0F9561C8341B500EE1FFF /* libsqlite3.tbd in Frameworks */ = {isa = PBXBuildFile; fileRef = 08C0F9551C8341B500EE1FFF /* libsqlite3.tbd */; };
		08CBA6941CF1F97F0099BD94 /* LoginTableViewController.m in Sources */ = {isa = PBXBuildFile; fileRef = 08CBA6931CF1F97F0099BD94 /* LoginTableViewController.m */; };
		08D944391D0D0B0700EF6212 /* ModifyWeddingTableViewController.m in Sources */ = {isa = PBXBuildFile; fileRef = 08D944381D0D0B0700EF6212 /* ModifyWeddingTableViewController.m */; };
		08EFC60D1C91B0A80090E6AE /* WeddingInformationTableViewController.m in Sources */ = {isa = PBXBuildFile; fileRef = 08EFC60C1C91B0A80090E6AE /* WeddingInformationTableViewController.m */; };
		08FCB23A1D104AF90061E0C2 /* GoogleMobileAds.framework in Frameworks */ = {isa = PBXBuildFile; fileRef = 08FCB2391D104AF90061E0C2 /* GoogleMobileAds.framework */; };
		08FCB23D1D104DFE0061E0C2 /* SettingViewController.m in Sources */ = {isa = PBXBuildFile; fileRef = 08FCB23C1D104DFE0061E0C2 /* SettingViewController.m */; };
/* End PBXBuildFile section */

/* Begin PBXContainerItemProxy section */
		08C0F9161C831F7800EE1FFF /* PBXContainerItemProxy */ = {
			isa = PBXContainerItemProxy;
			containerPortal = 08C0F8F11C831F7700EE1FFF /* Project object */;
			proxyType = 1;
			remoteGlobalIDString = 08C0F8F81C831F7700EE1FFF;
			remoteInfo = WeddingRecorder;
		};
		08C0F9211C831F7800EE1FFF /* PBXContainerItemProxy */ = {
			isa = PBXContainerItemProxy;
			containerPortal = 08C0F8F11C831F7700EE1FFF /* Project object */;
			proxyType = 1;
			remoteGlobalIDString = 08C0F8F81C831F7700EE1FFF;
			remoteInfo = WeddingRecorder;
		};
/* End PBXContainerItemProxy section */

/* Begin PBXFileReference section */
		08036FF01C84AAC400821C0A /* PhotoViewController.h */ = {isa = PBXFileReference; fileEncoding = 4; lastKnownFileType = sourcecode.c.h; path = PhotoViewController.h; sourceTree = "<group>"; };
		08036FF11C84AAC400821C0A /* PhotoViewController.m */ = {isa = PBXFileReference; fileEncoding = 4; lastKnownFileType = sourcecode.c.objc; path = PhotoViewController.m; sourceTree = "<group>"; };
		08036FF31C84AC4100821C0A /* PhotoCollectionViewCell.h */ = {isa = PBXFileReference; fileEncoding = 4; lastKnownFileType = sourcecode.c.h; path = PhotoCollectionViewCell.h; sourceTree = "<group>"; };
		08036FF41C84AC4100821C0A /* PhotoCollectionViewCell.m */ = {isa = PBXFileReference; fileEncoding = 4; lastKnownFileType = sourcecode.c.objc; path = PhotoCollectionViewCell.m; sourceTree = "<group>"; };
		080B842F1D145E9F00704DFB /* SlideShowViewController.h */ = {isa = PBXFileReference; fileEncoding = 4; lastKnownFileType = sourcecode.c.h; path = SlideShowViewController.h; sourceTree = "<group>"; };
		080B84301D145E9F00704DFB /* SlideShowViewController.m */ = {isa = PBXFileReference; fileEncoding = 4; lastKnownFileType = sourcecode.c.objc; path = SlideShowViewController.m; sourceTree = "<group>"; };
		080E37B61C8427A200461B43 /* DropboxSDK.framework */ = {isa = PBXFileReference; lastKnownFileType = wrapper.framework; name = DropboxSDK.framework; path = "dropbox-ios-sdk-1.3.13/DropboxSDK.framework"; sourceTree = "<group>"; };
		080F11941CFC83F600688F49 /* GuestListTableViewCell.h */ = {isa = PBXFileReference; fileEncoding = 4; lastKnownFileType = sourcecode.c.h; path = GuestListTableViewCell.h; sourceTree = "<group>"; };
		080F11951CFC83F600688F49 /* GuestListTableViewCell.m */ = {isa = PBXFileReference; fileEncoding = 4; lastKnownFileType = sourcecode.c.objc; path = GuestListTableViewCell.m; sourceTree = "<group>"; };
		081AA03E1C8C099500B6808D /* FullScreenPhotoViewController.h */ = {isa = PBXFileReference; fileEncoding = 4; lastKnownFileType = sourcecode.c.h; path = FullScreenPhotoViewController.h; sourceTree = "<group>"; };
		081AA03F1C8C099500B6808D /* FullScreenPhotoViewController.m */ = {isa = PBXFileReference; fileEncoding = 4; lastKnownFileType = sourcecode.c.objc; path = FullScreenPhotoViewController.m; sourceTree = "<group>"; };
		081AA0411C8C0D0600B6808D /* HeaderCollectionReusableView.h */ = {isa = PBXFileReference; fileEncoding = 4; lastKnownFileType = sourcecode.c.h; path = HeaderCollectionReusableView.h; sourceTree = "<group>"; };
		081AA0421C8C0D0600B6808D /* HeaderCollectionReusableView.m */ = {isa = PBXFileReference; fileEncoding = 4; lastKnownFileType = sourcecode.c.objc; path = HeaderCollectionReusableView.m; sourceTree = "<group>"; };
		081AA0441C8C29B500B6808D /* GalleryViewController.h */ = {isa = PBXFileReference; fileEncoding = 4; lastKnownFileType = sourcecode.c.h; path = GalleryViewController.h; sourceTree = "<group>"; };
		081AA0451C8C29B500B6808D /* GalleryViewController.m */ = {isa = PBXFileReference; fileEncoding = 4; lastKnownFileType = sourcecode.c.objc; path = GalleryViewController.m; sourceTree = "<group>"; };
		082099211D03450E0045B928 /* FormReviewTableViewController.h */ = {isa = PBXFileReference; fileEncoding = 4; lastKnownFileType = sourcecode.c.h; path = FormReviewTableViewController.h; sourceTree = "<group>"; };
		082099221D03450E0045B928 /* FormReviewTableViewController.m */ = {isa = PBXFileReference; fileEncoding = 4; lastKnownFileType = sourcecode.c.objc; path = FormReviewTableViewController.m; sourceTree = "<group>"; };
		08354C391C88871600B7EB6C /* zh-Hant */ = {isa = PBXFileReference; lastKnownFileType = text.plist.strings; name = "zh-Hant"; path = "zh-Hant.lproj/Main.strings"; sourceTree = "<group>"; };
		08354C3A1C88871600B7EB6C /* zh-Hant */ = {isa = PBXFileReference; lastKnownFileType = text.plist.strings; name = "zh-Hant"; path = "zh-Hant.lproj/LaunchScreen.strings"; sourceTree = "<group>"; };
		083561E71C95B0AC00EDB783 /* CityAndRegion.plist */ = {isa = PBXFileReference; fileEncoding = 4; lastKnownFileType = text.plist.xml; path = CityAndRegion.plist; sourceTree = "<group>"; };
		084DC1ED1CF74CBF00DCA384 /* WeddingListTableViewController.h */ = {isa = PBXFileReference; fileEncoding = 4; lastKnownFileType = sourcecode.c.h; path = WeddingListTableViewController.h; sourceTree = "<group>"; };
		084DC1EE1CF74CBF00DCA384 /* WeddingListTableViewController.m */ = {isa = PBXFileReference; fileEncoding = 4; lastKnownFileType = sourcecode.c.objc; path = WeddingListTableViewController.m; sourceTree = "<group>"; };
		084FC9981CF96E5B00C57AA5 /* MainTabBarController.h */ = {isa = PBXFileReference; fileEncoding = 4; lastKnownFileType = sourcecode.c.h; path = MainTabBarController.h; sourceTree = "<group>"; };
		084FC9991CF96E5B00C57AA5 /* MainTabBarController.m */ = {isa = PBXFileReference; fileEncoding = 4; lastKnownFileType = sourcecode.c.objc; path = MainTabBarController.m; sourceTree = "<group>"; };
		087155101C8DC50C00A7DF84 /* page1.png */ = {isa = PBXFileReference; lastKnownFileType = image.png; path = page1.png; sourceTree = "<group>"; };
		087155111C8DC50C00A7DF84 /* page2.png */ = {isa = PBXFileReference; lastKnownFileType = image.png; path = page2.png; sourceTree = "<group>"; };
		087155121C8DC50C00A7DF84 /* page3.png */ = {isa = PBXFileReference; lastKnownFileType = image.png; path = page3.png; sourceTree = "<group>"; };
		087155131C8DC50C00A7DF84 /* page4.png */ = {isa = PBXFileReference; lastKnownFileType = image.png; path = page4.png; sourceTree = "<group>"; };
		0872D6161CF011900099E7E5 /* LoginOrCreateAWeddingViewController.h */ = {isa = PBXFileReference; fileEncoding = 4; lastKnownFileType = sourcecode.c.h; path = LoginOrCreateAWeddingViewController.h; sourceTree = "<group>"; };
		0872D6171CF011900099E7E5 /* LoginOrCreateAWeddingViewController.m */ = {isa = PBXFileReference; fileEncoding = 4; lastKnownFileType = sourcecode.c.objc; path = LoginOrCreateAWeddingViewController.m; sourceTree = "<group>"; };
		088D74F91CF06AAF0046F038 /* CreateWeddingTableViewController.h */ = {isa = PBXFileReference; fileEncoding = 4; lastKnownFileType = sourcecode.c.h; path = CreateWeddingTableViewController.h; sourceTree = "<group>"; };
		088D74FA1CF06AAF0046F038 /* CreateWeddingTableViewController.m */ = {isa = PBXFileReference; fileEncoding = 4; lastKnownFileType = sourcecode.c.objc; path = CreateWeddingTableViewController.m; sourceTree = "<group>"; };
		089273831CF8BBE100121CCA /* WeddingListTableViewCell.h */ = {isa = PBXFileReference; fileEncoding = 4; lastKnownFileType = sourcecode.c.h; path = WeddingListTableViewCell.h; sourceTree = "<group>"; };
		089273841CF8BBE100121CCA /* WeddingListTableViewCell.m */ = {isa = PBXFileReference; fileEncoding = 4; lastKnownFileType = sourcecode.c.objc; path = WeddingListTableViewCell.m; sourceTree = "<group>"; };
		08A7994E1CF08FDD0045B3DC /* AttendWeddingTableViewController.h */ = {isa = PBXFileReference; fileEncoding = 4; lastKnownFileType = sourcecode.c.h; path = AttendWeddingTableViewController.h; sourceTree = "<group>"; };
		08A7994F1CF08FDD0045B3DC /* AttendWeddingTableViewController.m */ = {isa = PBXFileReference; fileEncoding = 4; lastKnownFileType = sourcecode.c.objc; path = AttendWeddingTableViewController.m; sourceTree = "<group>"; };
		08A799511CF0959A0045B3DC /* SettingTableViewController.h */ = {isa = PBXFileReference; fileEncoding = 4; lastKnownFileType = sourcecode.c.h; path = SettingTableViewController.h; sourceTree = "<group>"; };
		08A799521CF0959A0045B3DC /* SettingTableViewController.m */ = {isa = PBXFileReference; fileEncoding = 4; lastKnownFileType = sourcecode.c.objc; path = SettingTableViewController.m; sourceTree = "<group>"; };
		08AB05FA1CFAF32D00C1050A /* GuestListTableViewController.h */ = {isa = PBXFileReference; fileEncoding = 4; lastKnownFileType = sourcecode.c.h; path = GuestListTableViewController.h; sourceTree = "<group>"; };
		08AB05FB1CFAF32D00C1050A /* GuestListTableViewController.m */ = {isa = PBXFileReference; fileEncoding = 4; lastKnownFileType = sourcecode.c.objc; path = GuestListTableViewController.m; sourceTree = "<group>"; };
		08C0F8F91C831F7700EE1FFF /* WeddingRecorder.app */ = {isa = PBXFileReference; explicitFileType = wrapper.application; includeInIndex = 0; path = WeddingRecorder.app; sourceTree = BUILT_PRODUCTS_DIR; };
		08C0F8FD1C831F7700EE1FFF /* main.m */ = {isa = PBXFileReference; lastKnownFileType = sourcecode.c.objc; path = main.m; sourceTree = "<group>"; };
		08C0F8FF1C831F7700EE1FFF /* AppDelegate.h */ = {isa = PBXFileReference; lastKnownFileType = sourcecode.c.h; path = AppDelegate.h; sourceTree = "<group>"; };
		08C0F9001C831F7800EE1FFF /* AppDelegate.m */ = {isa = PBXFileReference; lastKnownFileType = sourcecode.c.objc; path = AppDelegate.m; sourceTree = "<group>"; };
		08C0F9091C831F7800EE1FFF /* Base */ = {isa = PBXFileReference; lastKnownFileType = file.storyboard; name = Base; path = Base.lproj/Main.storyboard; sourceTree = "<group>"; };
		08C0F90B1C831F7800EE1FFF /* Assets.xcassets */ = {isa = PBXFileReference; lastKnownFileType = folder.assetcatalog; path = Assets.xcassets; sourceTree = "<group>"; };
		08C0F90E1C831F7800EE1FFF /* Base */ = {isa = PBXFileReference; lastKnownFileType = file.storyboard; name = Base; path = Base.lproj/LaunchScreen.storyboard; sourceTree = "<group>"; };
		08C0F9101C831F7800EE1FFF /* Info.plist */ = {isa = PBXFileReference; lastKnownFileType = text.plist.xml; path = Info.plist; sourceTree = "<group>"; };
		08C0F9151C831F7800EE1FFF /* WeddingRecorderTests.xctest */ = {isa = PBXFileReference; explicitFileType = wrapper.cfbundle; includeInIndex = 0; path = WeddingRecorderTests.xctest; sourceTree = BUILT_PRODUCTS_DIR; };
		08C0F9191C831F7800EE1FFF /* WeddingRecorderTests.m */ = {isa = PBXFileReference; lastKnownFileType = sourcecode.c.objc; path = WeddingRecorderTests.m; sourceTree = "<group>"; };
		08C0F91B1C831F7800EE1FFF /* Info.plist */ = {isa = PBXFileReference; lastKnownFileType = text.plist.xml; path = Info.plist; sourceTree = "<group>"; };
		08C0F9201C831F7800EE1FFF /* WeddingRecorderUITests.xctest */ = {isa = PBXFileReference; explicitFileType = wrapper.cfbundle; includeInIndex = 0; path = WeddingRecorderUITests.xctest; sourceTree = BUILT_PRODUCTS_DIR; };
		08C0F9241C831F7800EE1FFF /* WeddingRecorderUITests.m */ = {isa = PBXFileReference; lastKnownFileType = sourcecode.c.objc; path = WeddingRecorderUITests.m; sourceTree = "<group>"; };
		08C0F9261C831F7800EE1FFF /* Info.plist */ = {isa = PBXFileReference; lastKnownFileType = text.plist.xml; path = Info.plist; sourceTree = "<group>"; };
		08C0F9341C833D4C00EE1FFF /* Bolts.framework */ = {isa = PBXFileReference; lastKnownFileType = wrapper.framework; name = Bolts.framework; path = "parse-library-1.12.0/Bolts.framework"; sourceTree = "<group>"; };
		08C0F9351C833D4C00EE1FFF /* Parse.framework */ = {isa = PBXFileReference; lastKnownFileType = wrapper.framework; name = Parse.framework; path = "parse-library-1.12.0/Parse.framework"; sourceTree = "<group>"; };
		08C0F9361C833D4C00EE1FFF /* ParseFacebookUtils.framework */ = {isa = PBXFileReference; lastKnownFileType = wrapper.framework; name = ParseFacebookUtils.framework; path = "parse-library-1.12.0/ParseFacebookUtils.framework"; sourceTree = "<group>"; };
		08C0F9371C833D4C00EE1FFF /* ParseFacebookUtilsV4.framework */ = {isa = PBXFileReference; lastKnownFileType = wrapper.framework; name = ParseFacebookUtilsV4.framework; path = "parse-library-1.12.0/ParseFacebookUtilsV4.framework"; sourceTree = "<group>"; };
		08C0F9381C833D4C00EE1FFF /* ParseTwitterUtils.framework */ = {isa = PBXFileReference; lastKnownFileType = wrapper.framework; name = ParseTwitterUtils.framework; path = "parse-library-1.12.0/ParseTwitterUtils.framework"; sourceTree = "<group>"; };
		08C0F9391C833D4C00EE1FFF /* ParseUI.framework */ = {isa = PBXFileReference; lastKnownFileType = wrapper.framework; name = ParseUI.framework; path = "parse-library-1.12.0/ParseUI.framework"; sourceTree = "<group>"; };
		08C0F9401C833E0E00EE1FFF /* AttendantTableViewController.h */ = {isa = PBXFileReference; fileEncoding = 4; lastKnownFileType = sourcecode.c.h; path = AttendantTableViewController.h; sourceTree = "<group>"; };
		08C0F9411C833E0E00EE1FFF /* AttendantTableViewController.m */ = {isa = PBXFileReference; fileEncoding = 4; lastKnownFileType = sourcecode.c.objc; path = AttendantTableViewController.m; sourceTree = "<group>"; };
		08C0F9431C83415700EE1FFF /* AudioToolbox.framework */ = {isa = PBXFileReference; lastKnownFileType = wrapper.framework; name = AudioToolbox.framework; path = System/Library/Frameworks/AudioToolbox.framework; sourceTree = SDKROOT; };
		08C0F9451C83415E00EE1FFF /* CFNetwork.framework */ = {isa = PBXFileReference; lastKnownFileType = wrapper.framework; name = CFNetwork.framework; path = System/Library/Frameworks/CFNetwork.framework; sourceTree = SDKROOT; };
		08C0F9471C83416900EE1FFF /* CoreGraphics.framework */ = {isa = PBXFileReference; lastKnownFileType = wrapper.framework; name = CoreGraphics.framework; path = System/Library/Frameworks/CoreGraphics.framework; sourceTree = SDKROOT; };
		08C0F9491C83417200EE1FFF /* CoreLocation.framework */ = {isa = PBXFileReference; lastKnownFileType = wrapper.framework; name = CoreLocation.framework; path = System/Library/Frameworks/CoreLocation.framework; sourceTree = SDKROOT; };
		08C0F94B1C83417F00EE1FFF /* QuartzCore.framework */ = {isa = PBXFileReference; lastKnownFileType = wrapper.framework; name = QuartzCore.framework; path = System/Library/Frameworks/QuartzCore.framework; sourceTree = SDKROOT; };
		08C0F94D1C83418900EE1FFF /* Security.framework */ = {isa = PBXFileReference; lastKnownFileType = wrapper.framework; name = Security.framework; path = System/Library/Frameworks/Security.framework; sourceTree = SDKROOT; };
		08C0F94F1C83418F00EE1FFF /* StoreKit.framework */ = {isa = PBXFileReference; lastKnownFileType = wrapper.framework; name = StoreKit.framework; path = System/Library/Frameworks/StoreKit.framework; sourceTree = SDKROOT; };
		08C0F9511C83419800EE1FFF /* SystemConfiguration.framework */ = {isa = PBXFileReference; lastKnownFileType = wrapper.framework; name = SystemConfiguration.framework; path = System/Library/Frameworks/SystemConfiguration.framework; sourceTree = SDKROOT; };
		08C0F9531C8341A500EE1FFF /* libz.tbd */ = {isa = PBXFileReference; lastKnownFileType = "sourcecode.text-based-dylib-definition"; name = libz.tbd; path = usr/lib/libz.tbd; sourceTree = SDKROOT; };
		08C0F9551C8341B500EE1FFF /* libsqlite3.tbd */ = {isa = PBXFileReference; lastKnownFileType = "sourcecode.text-based-dylib-definition"; name = libsqlite3.tbd; path = usr/lib/libsqlite3.tbd; sourceTree = SDKROOT; };
		08CBA6921CF1F97F0099BD94 /* LoginTableViewController.h */ = {isa = PBXFileReference; fileEncoding = 4; lastKnownFileType = sourcecode.c.h; path = LoginTableViewController.h; sourceTree = "<group>"; };
		08CBA6931CF1F97F0099BD94 /* LoginTableViewController.m */ = {isa = PBXFileReference; fileEncoding = 4; lastKnownFileType = sourcecode.c.objc; path = LoginTableViewController.m; sourceTree = "<group>"; };
		08D944371D0D0B0700EF6212 /* ModifyWeddingTableViewController.h */ = {isa = PBXFileReference; fileEncoding = 4; lastKnownFileType = sourcecode.c.h; path = ModifyWeddingTableViewController.h; sourceTree = "<group>"; };
		08D944381D0D0B0700EF6212 /* ModifyWeddingTableViewController.m */ = {isa = PBXFileReference; fileEncoding = 4; lastKnownFileType = sourcecode.c.objc; path = ModifyWeddingTableViewController.m; sourceTree = "<group>"; };
		08EFC60B1C91B0A80090E6AE /* WeddingInformationTableViewController.h */ = {isa = PBXFileReference; fileEncoding = 4; lastKnownFileType = sourcecode.c.h; path = WeddingInformationTableViewController.h; sourceTree = "<group>"; };
		08EFC60C1C91B0A80090E6AE /* WeddingInformationTableViewController.m */ = {isa = PBXFileReference; fileEncoding = 4; lastKnownFileType = sourcecode.c.objc; path = WeddingInformationTableViewController.m; sourceTree = "<group>"; };
		08EFC6121C91BD5F0090E6AE /* en */ = {isa = PBXFileReference; lastKnownFileType = text.plist.strings; name = en; path = en.lproj/Main.strings; sourceTree = "<group>"; };
		08FCB2391D104AF90061E0C2 /* GoogleMobileAds.framework */ = {isa = PBXFileReference; lastKnownFileType = wrapper.framework; path = GoogleMobileAds.framework; sourceTree = "<group>"; };
		08FCB23B1D104DFE0061E0C2 /* SettingViewController.h */ = {isa = PBXFileReference; fileEncoding = 4; lastKnownFileType = sourcecode.c.h; path = SettingViewController.h; sourceTree = "<group>"; };
		08FCB23C1D104DFE0061E0C2 /* SettingViewController.m */ = {isa = PBXFileReference; fileEncoding = 4; lastKnownFileType = sourcecode.c.objc; path = SettingViewController.m; sourceTree = "<group>"; };
/* End PBXFileReference section */

/* Begin PBXFrameworksBuildPhase section */
		08C0F8F61C831F7700EE1FFF /* Frameworks */ = {
			isa = PBXFrameworksBuildPhase;
			buildActionMask = 2147483647;
			files = (
				08C0F9561C8341B500EE1FFF /* libsqlite3.tbd in Frameworks */,
				08C0F9541C8341A500EE1FFF /* libz.tbd in Frameworks */,
				08C0F9521C83419800EE1FFF /* SystemConfiguration.framework in Frameworks */,
				08C0F9501C83418F00EE1FFF /* StoreKit.framework in Frameworks */,
				08C0F94E1C83418900EE1FFF /* Security.framework in Frameworks */,
				08C0F94C1C83417F00EE1FFF /* QuartzCore.framework in Frameworks */,
				08C0F94A1C83417200EE1FFF /* CoreLocation.framework in Frameworks */,
				08C0F9481C83416900EE1FFF /* CoreGraphics.framework in Frameworks */,
				08C0F9461C83415E00EE1FFF /* CFNetwork.framework in Frameworks */,
				08C0F9441C83415700EE1FFF /* AudioToolbox.framework in Frameworks */,
				08C0F93A1C833D4C00EE1FFF /* Bolts.framework in Frameworks */,
				08C0F93B1C833D4C00EE1FFF /* Parse.framework in Frameworks */,
				08C0F93C1C833D4C00EE1FFF /* ParseFacebookUtils.framework in Frameworks */,
				08C0F93D1C833D4C00EE1FFF /* ParseFacebookUtilsV4.framework in Frameworks */,
				08C0F93E1C833D4C00EE1FFF /* ParseTwitterUtils.framework in Frameworks */,
				08FCB23A1D104AF90061E0C2 /* GoogleMobileAds.framework in Frameworks */,
				08C0F93F1C833D4C00EE1FFF /* ParseUI.framework in Frameworks */,
			);
			runOnlyForDeploymentPostprocessing = 0;
		};
		08C0F9121C831F7800EE1FFF /* Frameworks */ = {
			isa = PBXFrameworksBuildPhase;
			buildActionMask = 2147483647;
			files = (
			);
			runOnlyForDeploymentPostprocessing = 0;
		};
		08C0F91D1C831F7800EE1FFF /* Frameworks */ = {
			isa = PBXFrameworksBuildPhase;
			buildActionMask = 2147483647;
			files = (
			);
			runOnlyForDeploymentPostprocessing = 0;
		};
/* End PBXFrameworksBuildPhase section */

/* Begin PBXGroup section */
		08C0F8F01C831F7700EE1FFF = {
			isa = PBXGroup;
			children = (
				08C0F9571C8341BB00EE1FFF /* Framework */,
				08C0F8FB1C831F7700EE1FFF /* WeddingRecorder */,
				08C0F9181C831F7800EE1FFF /* WeddingRecorderTests */,
				08C0F9231C831F7800EE1FFF /* WeddingRecorderUITests */,
				08C0F8FA1C831F7700EE1FFF /* Products */,
			);
			sourceTree = "<group>";
		};
		08C0F8FA1C831F7700EE1FFF /* Products */ = {
			isa = PBXGroup;
			children = (
				08C0F8F91C831F7700EE1FFF /* WeddingRecorder.app */,
				08C0F9151C831F7800EE1FFF /* WeddingRecorderTests.xctest */,
				08C0F9201C831F7800EE1FFF /* WeddingRecorderUITests.xctest */,
			);
			name = Products;
			sourceTree = "<group>";
		};
		08C0F8FB1C831F7700EE1FFF /* WeddingRecorder */ = {
			isa = PBXGroup;
			children = (
				087155101C8DC50C00A7DF84 /* page1.png */,
				087155111C8DC50C00A7DF84 /* page2.png */,
				087155121C8DC50C00A7DF84 /* page3.png */,
				087155131C8DC50C00A7DF84 /* page4.png */,
				08C0F8FF1C831F7700EE1FFF /* AppDelegate.h */,
				08C0F9001C831F7800EE1FFF /* AppDelegate.m */,
				08C0F9401C833E0E00EE1FFF /* AttendantTableViewController.h */,
				08C0F9411C833E0E00EE1FFF /* AttendantTableViewController.m */,
				08C0F9081C831F7800EE1FFF /* Main.storyboard */,
				081AA0441C8C29B500B6808D /* GalleryViewController.h */,
				081AA0451C8C29B500B6808D /* GalleryViewController.m */,
				0872D6161CF011900099E7E5 /* LoginOrCreateAWeddingViewController.h */,
				0872D6171CF011900099E7E5 /* LoginOrCreateAWeddingViewController.m */,
				08AB05FA1CFAF32D00C1050A /* GuestListTableViewController.h */,
				08AB05FB1CFAF32D00C1050A /* GuestListTableViewController.m */,
				080F11941CFC83F600688F49 /* GuestListTableViewCell.h */,
				080F11951CFC83F600688F49 /* GuestListTableViewCell.m */,
				082099211D03450E0045B928 /* FormReviewTableViewController.h */,
				082099221D03450E0045B928 /* FormReviewTableViewController.m */,
				084DC1ED1CF74CBF00DCA384 /* WeddingListTableViewController.h */,
				084DC1EE1CF74CBF00DCA384 /* WeddingListTableViewController.m */,
				089273831CF8BBE100121CCA /* WeddingListTableViewCell.h */,
				089273841CF8BBE100121CCA /* WeddingListTableViewCell.m */,
				08CBA6921CF1F97F0099BD94 /* LoginTableViewController.h */,
				08CBA6931CF1F97F0099BD94 /* LoginTableViewController.m */,
				084FC9981CF96E5B00C57AA5 /* MainTabBarController.h */,
				084FC9991CF96E5B00C57AA5 /* MainTabBarController.m */,
				088D74F91CF06AAF0046F038 /* CreateWeddingTableViewController.h */,
				088D74FA1CF06AAF0046F038 /* CreateWeddingTableViewController.m */,
				08D944371D0D0B0700EF6212 /* ModifyWeddingTableViewController.h */,
				08D944381D0D0B0700EF6212 /* ModifyWeddingTableViewController.m */,
				08A7994E1CF08FDD0045B3DC /* AttendWeddingTableViewController.h */,
				08A7994F1CF08FDD0045B3DC /* AttendWeddingTableViewController.m */,
				08EFC60B1C91B0A80090E6AE /* WeddingInformationTableViewController.h */,
				08EFC60C1C91B0A80090E6AE /* WeddingInformationTableViewController.m */,
				08A799511CF0959A0045B3DC /* SettingTableViewController.h */,
				08A799521CF0959A0045B3DC /* SettingTableViewController.m */,
				08FCB23B1D104DFE0061E0C2 /* SettingViewController.h */,
				08FCB23C1D104DFE0061E0C2 /* SettingViewController.m */,
				08036FF01C84AAC400821C0A /* PhotoViewController.h */,
				08036FF11C84AAC400821C0A /* PhotoViewController.m */,
				08036FF31C84AC4100821C0A /* PhotoCollectionViewCell.h */,
				08036FF41C84AC4100821C0A /* PhotoCollectionViewCell.m */,
				081AA0411C8C0D0600B6808D /* HeaderCollectionReusableView.h */,
				080B842F1D145E9F00704DFB /* SlideShowViewController.h */,
				080B84301D145E9F00704DFB /* SlideShowViewController.m */,
				081AA0421C8C0D0600B6808D /* HeaderCollectionReusableView.m */,
				081AA03E1C8C099500B6808D /* FullScreenPhotoViewController.h */,
				081AA03F1C8C099500B6808D /* FullScreenPhotoViewController.m */,
				08C0F90B1C831F7800EE1FFF /* Assets.xcassets */,
				08C0F90D1C831F7800EE1FFF /* LaunchScreen.storyboard */,
				08C0F9101C831F7800EE1FFF /* Info.plist */,
				083561E71C95B0AC00EDB783 /* CityAndRegion.plist */,
				08C0F8FC1C831F7700EE1FFF /* Supporting Files */,
			);
			path = WeddingRecorder;
			sourceTree = "<group>";
		};
		08C0F8FC1C831F7700EE1FFF /* Supporting Files */ = {
			isa = PBXGroup;
			children = (
				08C0F8FD1C831F7700EE1FFF /* main.m */,
			);
			name = "Supporting Files";
			sourceTree = "<group>";
		};
		08C0F9181C831F7800EE1FFF /* WeddingRecorderTests */ = {
			isa = PBXGroup;
			children = (
				08C0F9191C831F7800EE1FFF /* WeddingRecorderTests.m */,
				08C0F91B1C831F7800EE1FFF /* Info.plist */,
			);
			path = WeddingRecorderTests;
			sourceTree = "<group>";
		};
		08C0F9231C831F7800EE1FFF /* WeddingRecorderUITests */ = {
			isa = PBXGroup;
			children = (
				08C0F9241C831F7800EE1FFF /* WeddingRecorderUITests.m */,
				08C0F9261C831F7800EE1FFF /* Info.plist */,
			);
			path = WeddingRecorderUITests;
			sourceTree = "<group>";
		};
		08C0F9571C8341BB00EE1FFF /* Framework */ = {
			isa = PBXGroup;
			children = (
				08FCB2391D104AF90061E0C2 /* GoogleMobileAds.framework */,
				080E37B61C8427A200461B43 /* DropboxSDK.framework */,
				08C0F9551C8341B500EE1FFF /* libsqlite3.tbd */,
				08C0F9531C8341A500EE1FFF /* libz.tbd */,
				08C0F9341C833D4C00EE1FFF /* Bolts.framework */,
				08C0F9351C833D4C00EE1FFF /* Parse.framework */,
				08C0F9361C833D4C00EE1FFF /* ParseFacebookUtils.framework */,
				08C0F9371C833D4C00EE1FFF /* ParseFacebookUtilsV4.framework */,
				08C0F9381C833D4C00EE1FFF /* ParseTwitterUtils.framework */,
				08C0F9391C833D4C00EE1FFF /* ParseUI.framework */,
				08C0F9511C83419800EE1FFF /* SystemConfiguration.framework */,
				08C0F94F1C83418F00EE1FFF /* StoreKit.framework */,
				08C0F94D1C83418900EE1FFF /* Security.framework */,
				08C0F94B1C83417F00EE1FFF /* QuartzCore.framework */,
				08C0F9491C83417200EE1FFF /* CoreLocation.framework */,
				08C0F9471C83416900EE1FFF /* CoreGraphics.framework */,
				08C0F9451C83415E00EE1FFF /* CFNetwork.framework */,
				08C0F9431C83415700EE1FFF /* AudioToolbox.framework */,
			);
			name = Framework;
			sourceTree = "<group>";
		};
/* End PBXGroup section */

/* Begin PBXNativeTarget section */
		08C0F8F81C831F7700EE1FFF /* WeddingRecorder */ = {
			isa = PBXNativeTarget;
			buildConfigurationList = 08C0F9291C831F7800EE1FFF /* Build configuration list for PBXNativeTarget "WeddingRecorder" */;
			buildPhases = (
				08C0F8F51C831F7700EE1FFF /* Sources */,
				08C0F8F61C831F7700EE1FFF /* Frameworks */,
				08C0F8F71C831F7700EE1FFF /* Resources */,
			);
			buildRules = (
			);
			dependencies = (
			);
			name = WeddingRecorder;
			productName = WeddingRecorder;
			productReference = 08C0F8F91C831F7700EE1FFF /* WeddingRecorder.app */;
			productType = "com.apple.product-type.application";
		};
		08C0F9141C831F7800EE1FFF /* WeddingRecorderTests */ = {
			isa = PBXNativeTarget;
			buildConfigurationList = 08C0F92C1C831F7800EE1FFF /* Build configuration list for PBXNativeTarget "WeddingRecorderTests" */;
			buildPhases = (
				08C0F9111C831F7800EE1FFF /* Sources */,
				08C0F9121C831F7800EE1FFF /* Frameworks */,
				08C0F9131C831F7800EE1FFF /* Resources */,
			);
			buildRules = (
			);
			dependencies = (
				08C0F9171C831F7800EE1FFF /* PBXTargetDependency */,
			);
			name = WeddingRecorderTests;
			productName = WeddingRecorderTests;
			productReference = 08C0F9151C831F7800EE1FFF /* WeddingRecorderTests.xctest */;
			productType = "com.apple.product-type.bundle.unit-test";
		};
		08C0F91F1C831F7800EE1FFF /* WeddingRecorderUITests */ = {
			isa = PBXNativeTarget;
			buildConfigurationList = 08C0F92F1C831F7800EE1FFF /* Build configuration list for PBXNativeTarget "WeddingRecorderUITests" */;
			buildPhases = (
				08C0F91C1C831F7800EE1FFF /* Sources */,
				08C0F91D1C831F7800EE1FFF /* Frameworks */,
				08C0F91E1C831F7800EE1FFF /* Resources */,
			);
			buildRules = (
			);
			dependencies = (
				08C0F9221C831F7800EE1FFF /* PBXTargetDependency */,
			);
			name = WeddingRecorderUITests;
			productName = WeddingRecorderUITests;
			productReference = 08C0F9201C831F7800EE1FFF /* WeddingRecorderUITests.xctest */;
			productType = "com.apple.product-type.bundle.ui-testing";
		};
/* End PBXNativeTarget section */

/* Begin PBXProject section */
		08C0F8F11C831F7700EE1FFF /* Project object */ = {
			isa = PBXProject;
			attributes = {
				LastUpgradeCheck = 0720;
				ORGANIZATIONNAME = ChihHaoChen;
				TargetAttributes = {
					08C0F8F81C831F7700EE1FFF = {
						CreatedOnToolsVersion = 7.2;
						DevelopmentTeam = 284FLL9FA7;
					};
					08C0F9141C831F7800EE1FFF = {
						CreatedOnToolsVersion = 7.2;
						TestTargetID = 08C0F8F81C831F7700EE1FFF;
					};
					08C0F91F1C831F7800EE1FFF = {
						CreatedOnToolsVersion = 7.2;
						TestTargetID = 08C0F8F81C831F7700EE1FFF;
					};
				};
			};
			buildConfigurationList = 08C0F8F41C831F7700EE1FFF /* Build configuration list for PBXProject "WeddingRecorder" */;
			compatibilityVersion = "Xcode 3.2";
			developmentRegion = English;
			hasScannedForEncodings = 0;
			knownRegions = (
				en,
				Base,
			);
			mainGroup = 08C0F8F01C831F7700EE1FFF;
			productRefGroup = 08C0F8FA1C831F7700EE1FFF /* Products */;
			projectDirPath = "";
			projectRoot = "";
			targets = (
				08C0F8F81C831F7700EE1FFF /* WeddingRecorder */,
				08C0F9141C831F7800EE1FFF /* WeddingRecorderTests */,
				08C0F91F1C831F7800EE1FFF /* WeddingRecorderUITests */,
			);
		};
/* End PBXProject section */

/* Begin PBXResourcesBuildPhase section */
		08C0F8F71C831F7700EE1FFF /* Resources */ = {
			isa = PBXResourcesBuildPhase;
			buildActionMask = 2147483647;
			files = (
				08C0F90F1C831F7800EE1FFF /* LaunchScreen.storyboard in Resources */,
				08C0F90C1C831F7800EE1FFF /* Assets.xcassets in Resources */,
				087155161C8DC50C00A7DF84 /* page3.png in Resources */,
				087155171C8DC50C00A7DF84 /* page4.png in Resources */,
				087155141C8DC50C00A7DF84 /* page1.png in Resources */,
				083561E81C95B0AC00EDB783 /* CityAndRegion.plist in Resources */,
				08C0F90A1C831F7800EE1FFF /* Main.storyboard in Resources */,
				087155151C8DC50C00A7DF84 /* page2.png in Resources */,
			);
			runOnlyForDeploymentPostprocessing = 0;
		};
		08C0F9131C831F7800EE1FFF /* Resources */ = {
			isa = PBXResourcesBuildPhase;
			buildActionMask = 2147483647;
			files = (
			);
			runOnlyForDeploymentPostprocessing = 0;
		};
		08C0F91E1C831F7800EE1FFF /* Resources */ = {
			isa = PBXResourcesBuildPhase;
			buildActionMask = 2147483647;
			files = (
			);
			runOnlyForDeploymentPostprocessing = 0;
		};
/* End PBXResourcesBuildPhase section */

/* Begin PBXSourcesBuildPhase section */
		08C0F8F51C831F7700EE1FFF /* Sources */ = {
			isa = PBXSourcesBuildPhase;
			buildActionMask = 2147483647;
			files = (
				081AA0401C8C099500B6808D /* FullScreenPhotoViewController.m in Sources */,
				081AA0461C8C29B500B6808D /* GalleryViewController.m in Sources */,
				08A799501CF08FDD0045B3DC /* AttendWeddingTableViewController.m in Sources */,
				082099231D03450E0045B928 /* FormReviewTableViewController.m in Sources */,
				080B84311D145E9F00704DFB /* SlideShowViewController.m in Sources */,
				08A799531CF0959A0045B3DC /* SettingTableViewController.m in Sources */,
				081AA0431C8C0D0600B6808D /* HeaderCollectionReusableView.m in Sources */,
				080F11961CFC83F600688F49 /* GuestListTableViewCell.m in Sources */,
				08EFC60D1C91B0A80090E6AE /* WeddingInformationTableViewController.m in Sources */,
				089273851CF8BBE100121CCA /* WeddingListTableViewCell.m in Sources */,
				08FCB23D1D104DFE0061E0C2 /* SettingViewController.m in Sources */,
				08C0F9011C831F7800EE1FFF /* AppDelegate.m in Sources */,
				08CBA6941CF1F97F0099BD94 /* LoginTableViewController.m in Sources */,
				08036FF21C84AAC400821C0A /* PhotoViewController.m in Sources */,
				084FC99A1CF96E5B00C57AA5 /* MainTabBarController.m in Sources */,
				08C0F9421C833E0E00EE1FFF /* AttendantTableViewController.m in Sources */,
				08D944391D0D0B0700EF6212 /* ModifyWeddingTableViewController.m in Sources */,
				08036FF51C84AC4100821C0A /* PhotoCollectionViewCell.m in Sources */,
				084DC1EF1CF74CBF00DCA384 /* WeddingListTableViewController.m in Sources */,
				0872D6181CF011900099E7E5 /* LoginOrCreateAWeddingViewController.m in Sources */,
				08C0F8FE1C831F7700EE1FFF /* main.m in Sources */,
				08AB05FC1CFAF32D00C1050A /* GuestListTableViewController.m in Sources */,
				088D74FB1CF06AAF0046F038 /* CreateWeddingTableViewController.m in Sources */,
			);
			runOnlyForDeploymentPostprocessing = 0;
		};
		08C0F9111C831F7800EE1FFF /* Sources */ = {
			isa = PBXSourcesBuildPhase;
			buildActionMask = 2147483647;
			files = (
				08C0F91A1C831F7800EE1FFF /* WeddingRecorderTests.m in Sources */,
			);
			runOnlyForDeploymentPostprocessing = 0;
		};
		08C0F91C1C831F7800EE1FFF /* Sources */ = {
			isa = PBXSourcesBuildPhase;
			buildActionMask = 2147483647;
			files = (
				08C0F9251C831F7800EE1FFF /* WeddingRecorderUITests.m in Sources */,
			);
			runOnlyForDeploymentPostprocessing = 0;
		};
/* End PBXSourcesBuildPhase section */

/* Begin PBXTargetDependency section */
		08C0F9171C831F7800EE1FFF /* PBXTargetDependency */ = {
			isa = PBXTargetDependency;
			target = 08C0F8F81C831F7700EE1FFF /* WeddingRecorder */;
			targetProxy = 08C0F9161C831F7800EE1FFF /* PBXContainerItemProxy */;
		};
		08C0F9221C831F7800EE1FFF /* PBXTargetDependency */ = {
			isa = PBXTargetDependency;
			target = 08C0F8F81C831F7700EE1FFF /* WeddingRecorder */;
			targetProxy = 08C0F9211C831F7800EE1FFF /* PBXContainerItemProxy */;
		};
/* End PBXTargetDependency section */

/* Begin PBXVariantGroup section */
		08C0F9081C831F7800EE1FFF /* Main.storyboard */ = {
			isa = PBXVariantGroup;
			children = (
				08C0F9091C831F7800EE1FFF /* Base */,
				08354C391C88871600B7EB6C /* zh-Hant */,
				08EFC6121C91BD5F0090E6AE /* en */,
			);
			name = Main.storyboard;
			sourceTree = "<group>";
		};
		08C0F90D1C831F7800EE1FFF /* LaunchScreen.storyboard */ = {
			isa = PBXVariantGroup;
			children = (
				08C0F90E1C831F7800EE1FFF /* Base */,
				08354C3A1C88871600B7EB6C /* zh-Hant */,
			);
			name = LaunchScreen.storyboard;
			sourceTree = "<group>";
		};
/* End PBXVariantGroup section */

/* Begin XCBuildConfiguration section */
		08C0F9271C831F7800EE1FFF /* Debug */ = {
			isa = XCBuildConfiguration;
			buildSettings = {
				ALWAYS_SEARCH_USER_PATHS = NO;
				CLANG_CXX_LANGUAGE_STANDARD = "gnu++0x";
				CLANG_CXX_LIBRARY = "libc++";
				CLANG_ENABLE_MODULES = YES;
				CLANG_ENABLE_OBJC_ARC = YES;
				CLANG_WARN_BOOL_CONVERSION = YES;
				CLANG_WARN_CONSTANT_CONVERSION = YES;
				CLANG_WARN_DIRECT_OBJC_ISA_USAGE = YES_ERROR;
				CLANG_WARN_EMPTY_BODY = YES;
				CLANG_WARN_ENUM_CONVERSION = YES;
				CLANG_WARN_INT_CONVERSION = YES;
				CLANG_WARN_OBJC_ROOT_CLASS = YES_ERROR;
				CLANG_WARN_UNREACHABLE_CODE = YES;
				CLANG_WARN__DUPLICATE_METHOD_MATCH = YES;
				CODE_SIGN_IDENTITY = "iPhone Distribution: Chih Hao Chen (284FLL9FA7)";
				"CODE_SIGN_IDENTITY[sdk=iphoneos*]" = "iPhone Distribution: Chih Hao Chen (284FLL9FA7)";
				COPY_PHASE_STRIP = NO;
				DEBUG_INFORMATION_FORMAT = dwarf;
				ENABLE_STRICT_OBJC_MSGSEND = YES;
				ENABLE_TESTABILITY = YES;
				GCC_C_LANGUAGE_STANDARD = gnu99;
				GCC_DYNAMIC_NO_PIC = NO;
				GCC_NO_COMMON_BLOCKS = YES;
				GCC_OPTIMIZATION_LEVEL = 0;
				GCC_PREPROCESSOR_DEFINITIONS = (
					"DEBUG=1",
					"$(inherited)",
				);
				GCC_WARN_64_TO_32_BIT_CONVERSION = YES;
				GCC_WARN_ABOUT_RETURN_TYPE = YES_ERROR;
				GCC_WARN_UNDECLARED_SELECTOR = YES;
				GCC_WARN_UNINITIALIZED_AUTOS = YES_AGGRESSIVE;
				GCC_WARN_UNUSED_FUNCTION = YES;
				GCC_WARN_UNUSED_VARIABLE = YES;
				IPHONEOS_DEPLOYMENT_TARGET = 9.2;
				MTL_ENABLE_DEBUG_INFO = YES;
				ONLY_ACTIVE_ARCH = YES;
				PROVISIONING_PROFILE = "1a26aace-29a4-4962-b5a5-b4e724cc4b77";
				SDKROOT = iphoneos;
				TARGETED_DEVICE_FAMILY = "1,2";
			};
			name = Debug;
		};
		08C0F9281C831F7800EE1FFF /* Release */ = {
			isa = XCBuildConfiguration;
			buildSettings = {
				ALWAYS_SEARCH_USER_PATHS = NO;
				CLANG_CXX_LANGUAGE_STANDARD = "gnu++0x";
				CLANG_CXX_LIBRARY = "libc++";
				CLANG_ENABLE_MODULES = YES;
				CLANG_ENABLE_OBJC_ARC = YES;
				CLANG_WARN_BOOL_CONVERSION = YES;
				CLANG_WARN_CONSTANT_CONVERSION = YES;
				CLANG_WARN_DIRECT_OBJC_ISA_USAGE = YES_ERROR;
				CLANG_WARN_EMPTY_BODY = YES;
				CLANG_WARN_ENUM_CONVERSION = YES;
				CLANG_WARN_INT_CONVERSION = YES;
				CLANG_WARN_OBJC_ROOT_CLASS = YES_ERROR;
				CLANG_WARN_UNREACHABLE_CODE = YES;
				CLANG_WARN__DUPLICATE_METHOD_MATCH = YES;
				CODE_SIGN_IDENTITY = "iPhone Distribution: Chih Hao Chen (284FLL9FA7)";
				"CODE_SIGN_IDENTITY[sdk=iphoneos*]" = "iPhone Distribution: Chih Hao Chen (284FLL9FA7)";
				COPY_PHASE_STRIP = NO;
				DEBUG_INFORMATION_FORMAT = "dwarf-with-dsym";
				ENABLE_NS_ASSERTIONS = NO;
				ENABLE_STRICT_OBJC_MSGSEND = YES;
				GCC_C_LANGUAGE_STANDARD = gnu99;
				GCC_NO_COMMON_BLOCKS = YES;
				GCC_WARN_64_TO_32_BIT_CONVERSION = YES;
				GCC_WARN_ABOUT_RETURN_TYPE = YES_ERROR;
				GCC_WARN_UNDECLARED_SELECTOR = YES;
				GCC_WARN_UNINITIALIZED_AUTOS = YES_AGGRESSIVE;
				GCC_WARN_UNUSED_FUNCTION = YES;
				GCC_WARN_UNUSED_VARIABLE = YES;
				IPHONEOS_DEPLOYMENT_TARGET = 9.2;
				MTL_ENABLE_DEBUG_INFO = NO;
				PROVISIONING_PROFILE = "1a26aace-29a4-4962-b5a5-b4e724cc4b77";
				SDKROOT = iphoneos;
				TARGETED_DEVICE_FAMILY = "1,2";
				VALIDATE_PRODUCT = YES;
			};
			name = Release;
		};
		08C0F92A1C831F7800EE1FFF /* Debug */ = {
			isa = XCBuildConfiguration;
			buildSettings = {
				ASSETCATALOG_COMPILER_APPICON_NAME = AppIcon;
				CODE_SIGN_IDENTITY = "iPhone Developer: Chih Hao Chen (N8VRHBGE2J)";
				"CODE_SIGN_IDENTITY[sdk=iphoneos*]" = "iPhone Developer: Chih Hao Chen (N8VRHBGE2J)";
				FRAMEWORK_SEARCH_PATHS = (
					"$(inherited)",
					"$(PROJECT_DIR)/parse-library-1.12.0",
					"$(PROJECT_DIR)/dropbox-ios-sdk-1.3.13",
					"$(PROJECT_DIR)",
				);
				INFOPLIST_FILE = WeddingRecorder/Info.plist;
				IPHONEOS_DEPLOYMENT_TARGET = 8.0;
				LD_RUNPATH_SEARCH_PATHS = "$(inherited) @executable_path/Frameworks";
				PRODUCT_BUNDLE_IDENTIFIER = ChihHaoChen.WeddingRecorder;
				PRODUCT_NAME = "$(TARGET_NAME)";
				PROVISIONING_PROFILE = "9f08f7a8-fdd5-4c8e-82e2-3ffde845e8aa";
				TARGETED_DEVICE_FAMILY = 1;
				VALID_ARCHS = "arm64 armv7 armv7s";
			};
			name = Debug;
		};
		08C0F92B1C831F7800EE1FFF /* Release */ = {
			isa = XCBuildConfiguration;
			buildSettings = {
				ASSETCATALOG_COMPILER_APPICON_NAME = AppIcon;
				CODE_SIGN_IDENTITY = "iPhone Developer: Chih Hao Chen (N8VRHBGE2J)";
				"CODE_SIGN_IDENTITY[sdk=iphoneos*]" = "iPhone Developer: Chih Hao Chen (N8VRHBGE2J)";
				FRAMEWORK_SEARCH_PATHS = (
					"$(inherited)",
					"$(PROJECT_DIR)/parse-library-1.12.0",
					"$(PROJECT_DIR)/dropbox-ios-sdk-1.3.13",
					"$(PROJECT_DIR)",
				);
				INFOPLIST_FILE = WeddingRecorder/Info.plist;
				IPHONEOS_DEPLOYMENT_TARGET = 8.0;
				LD_RUNPATH_SEARCH_PATHS = "$(inherited) @executable_path/Frameworks";
				PRODUCT_BUNDLE_IDENTIFIER = ChihHaoChen.WeddingRecorder;
				PRODUCT_NAME = "$(TARGET_NAME)";
				PROVISIONING_PROFILE = "9f08f7a8-fdd5-4c8e-82e2-3ffde845e8aa";
				TARGETED_DEVICE_FAMILY = 1;
				VALID_ARCHS = "arm64 armv7 armv7s";
			};
			name = Release;
		};
		08C0F92D1C831F7800EE1FFF /* Debug */ = {
			isa = XCBuildConfiguration;
			buildSettings = {
				BUNDLE_LOADER = "$(TEST_HOST)";
				INFOPLIST_FILE = WeddingRecorderTests/Info.plist;
				LD_RUNPATH_SEARCH_PATHS = "$(inherited) @executable_path/Frameworks @loader_path/Frameworks";
				PRODUCT_BUNDLE_IDENTIFIER = ChihHaoChen.WeddingRecorderTests;
				PRODUCT_NAME = "$(TARGET_NAME)";
				TEST_HOST = "$(BUILT_PRODUCTS_DIR)/WeddingRecorder.app/WeddingRecorder";
			};
			name = Debug;
		};
		08C0F92E1C831F7800EE1FFF /* Release */ = {
			isa = XCBuildConfiguration;
			buildSettings = {
				BUNDLE_LOADER = "$(TEST_HOST)";
				INFOPLIST_FILE = WeddingRecorderTests/Info.plist;
				LD_RUNPATH_SEARCH_PATHS = "$(inherited) @executable_path/Frameworks @loader_path/Frameworks";
				PRODUCT_BUNDLE_IDENTIFIER = ChihHaoChen.WeddingRecorderTests;
				PRODUCT_NAME = "$(TARGET_NAME)";
				TEST_HOST = "$(BUILT_PRODUCTS_DIR)/WeddingRecorder.app/WeddingRecorder";
			};
			name = Release;
		};
		08C0F9301C831F7800EE1FFF /* Debug */ = {
			isa = XCBuildConfiguration;
			buildSettings = {
				INFOPLIST_FILE = WeddingRecorderUITests/Info.plist;
				LD_RUNPATH_SEARCH_PATHS = "$(inherited) @executable_path/Frameworks @loader_path/Frameworks";
				PRODUCT_BUNDLE_IDENTIFIER = ChihHaoChen.WeddingRecorderUITests;
				PRODUCT_NAME = "$(TARGET_NAME)";
				TEST_TARGET_NAME = WeddingRecorder;
				USES_XCTRUNNER = YES;
			};
			name = Debug;
		};
		08C0F9311C831F7800EE1FFF /* Release */ = {
			isa = XCBuildConfiguration;
			buildSettings = {
				INFOPLIST_FILE = WeddingRecorderUITests/Info.plist;
				LD_RUNPATH_SEARCH_PATHS = "$(inherited) @executable_path/Frameworks @loader_path/Frameworks";
				PRODUCT_BUNDLE_IDENTIFIER = ChihHaoChen.WeddingRecorderUITests;
				PRODUCT_NAME = "$(TARGET_NAME)";
				TEST_TARGET_NAME = WeddingRecorder;
				USES_XCTRUNNER = YES;
			};
			name = Release;
		};
/* End XCBuildConfiguration section */

/* Begin XCConfigurationList section */
		08C0F8F41C831F7700EE1FFF /* Build configuration list for PBXProject "WeddingRecorder" */ = {
			isa = XCConfigurationList;
			buildConfigurations = (
				08C0F9271C831F7800EE1FFF /* Debug */,
				08C0F9281C831F7800EE1FFF /* Release */,
			);
			defaultConfigurationIsVisible = 0;
			defaultConfigurationName = Release;
		};
		08C0F9291C831F7800EE1FFF /* Build configuration list for PBXNativeTarget "WeddingRecorder" */ = {
			isa = XCConfigurationList;
			buildConfigurations = (
				08C0F92A1C831F7800EE1FFF /* Debug */,
				08C0F92B1C831F7800EE1FFF /* Release */,
			);
			defaultConfigurationIsVisible = 0;
			defaultConfigurationName = Release;
		};
		08C0F92C1C831F7800EE1FFF /* Build configuration list for PBXNativeTarget "WeddingRecorderTests" */ = {
			isa = XCConfigurationList;
			buildConfigurations = (
				08C0F92D1C831F7800EE1FFF /* Debug */,
				08C0F92E1C831F7800EE1FFF /* Release */,
			);
			defaultConfigurationIsVisible = 0;
			defaultConfigurationName = Release;
		};
		08C0F92F1C831F7800EE1FFF /* Build configuration list for PBXNativeTarget "WeddingRecorderUITests" */ = {
			isa = XCConfigurationList;
			buildConfigurations = (
				08C0F9301C831F7800EE1FFF /* Debug */,
				08C0F9311C831F7800EE1FFF /* Release */,
			);
			defaultConfigurationIsVisible = 0;
			defaultConfigurationName = Release;
		};
/* End XCConfigurationList section */
	};
	rootObject = 08C0F8F11C831F7700EE1FFF /* Project object */;
}
